{
  "originHash" : "1203e39d0101df95d8b092581951d93f22506a4d96c8eef4a68a2925f84a58a2",
  "pins" : [
    {
      "identity" : "rainbow",
      "kind" : "remoteSourceControl",
      "location" : "https://github.com/onevcat/Rainbow",
      "state" : {
        "revision" : "16da5c62dd737258c6df2e8c430f8a3202f655a7",
        "version" : "4.2.0"
      }
    }
  ],
  "version" : 3
}
